
Microsoft Visual Studio Solution File, Format Version 12.00
# Visual Studio Version 17
VisualStudioVersion = 17.10.35027.167
MinimumVisualStudioVersion = 10.0.40219.1
Project("{9A19103F-16F7-4668-BE54-9A1E7A4F7556}") = "APICatalogo", "APICatalogo\APICatalogo.csproj", "{2620BD5F-689E-4FC3-A897-495E8C991EFD}"
EndProject
Project("{FAE04EC0-301F-11D3-BF4B-00C04F79EFBC}") = "ApiCatalogoxUnitTests", "ApiCatalagoxUnitTests\ApiCatalogoxUnitTests.csproj", "{8D000BE5-08FD-4A44-A3D9-67280814AF89}"
EndProject
Global
	GlobalSection(SolutionConfigurationPlatforms) = preSolution
		Debug|Any CPU = Debug|Any CPU
		Release|Any CPU = Release|Any CPU
	EndGlobalSection
	GlobalSection(ProjectConfigurationPlatforms) = postSolution
		{2620BD5F-689E-4FC3-A897-495E8C991EFD}.Debug|Any CPU.ActiveCfg = Debug|Any CPU
		{2620BD5F-689E-4FC3-A897-495E8C991EFD}.Debug|Any CPU.Build.0 = Debug|Any CPU
		{2620BD5F-689E-4FC3-A897-495E8C991EFD}.Release|Any CPU.ActiveCfg = Release|Any CPU
		{2620BD5F-689E-4FC3-A897-495E8C991EFD}.Release|Any CPU.Build.0 = Release|Any CPU
		{8D000BE5-08FD-4A44-A3D9-67280814AF89}.Debug|Any CPU.ActiveCfg = Debug|Any CPU
		{8D000BE5-08FD-4A44-A3D9-67280814AF89}.Debug|Any CPU.Build.0 = Debug|Any CPU
		{8D000BE5-08FD-4A44-A3D9-67280814AF89}.Release|Any CPU.ActiveCfg = Release|Any CPU
		{8D000BE5-08FD-4A44-A3D9-67280814AF89}.Release|Any CPU.Build.0 = Release|Any CPU
	EndGlobalSection
	GlobalSection(SolutionProperties) = preSolution
		HideSolutionNode = FALSE
	EndGlobalSection
	GlobalSection(ExtensibilityGlobals) = postSolution
		SolutionGuid = {29850E58-5270-4008-BE27-C38A64B2293D}
	EndGlobalSection
EndGlobal
